// !$*UTF8*$!
{
	archiveVersion = 1;
	classes = {
	};
	objectVersion = 46;
	objects = {

/* Begin PBXBuildFile section */
		9A07BE3514A67B1F001BB1C2 /* PossessionStore.m in Sources */ = {isa = PBXBuildFile; fileRef = 9A07BE3414A67B1F001BB1C2 /* PossessionStore.m */; };
		9A540DB114A6902200E2EE64 /* Possession.m in Sources */ = {isa = PBXBuildFile; fileRef = 9A540DB014A6902200E2EE64 /* Possession.m */; };
		9A540DB314A69F3600E2EE64 /* HeaderView.xib in Resources */ = {isa = PBXBuildFile; fileRef = 9A540DB214A69F3600E2EE64 /* HeaderView.xib */; };
		9A540DB714A6C91700E2EE64 /* ItemDetailViewController.m in Sources */ = {isa = PBXBuildFile; fileRef = 9A540DB514A6C91700E2EE64 /* ItemDetailViewController.m */; };
		9A540DB814A6C91700E2EE64 /* ItemDetailViewController.xib in Resources */ = {isa = PBXBuildFile; fileRef = 9A540DB614A6C91700E2EE64 /* ItemDetailViewController.xib */; };
		9A78A40D14A66EC800E8995D /* UIKit.framework in Frameworks */ = {isa = PBXBuildFile; fileRef = 9A78A40C14A66EC800E8995D /* UIKit.framework */; };
		9A78A40F14A66EC800E8995D /* Foundation.framework in Frameworks */ = {isa = PBXBuildFile; fileRef = 9A78A40E14A66EC800E8995D /* Foundation.framework */; };
		9A78A41114A66EC800E8995D /* CoreGraphics.framework in Frameworks */ = {isa = PBXBuildFile; fileRef = 9A78A41014A66EC800E8995D /* CoreGraphics.framework */; };
		9A78A41714A66EC800E8995D /* InfoPlist.strings in Resources */ = {isa = PBXBuildFile; fileRef = 9A78A41514A66EC800E8995D /* InfoPlist.strings */; };
		9A78A41914A66EC800E8995D /* main.m in Sources */ = {isa = PBXBuildFile; fileRef = 9A78A41814A66EC800E8995D /* main.m */; };
		9A78A41D14A66EC800E8995D /* HomepwnerAppDelegate.m in Sources */ = {isa = PBXBuildFile; fileRef = 9A78A41C14A66EC800E8995D /* HomepwnerAppDelegate.m */; };
		9A78A41F14A66EC800E8995D /* MainWindow.xib in Resources */ = {isa = PBXBuildFile; fileRef = 9A78A41E14A66EC800E8995D /* MainWindow.xib */; };
		9A78A42714A670E300E8995D /* ItemsViewController.m in Sources */ = {isa = PBXBuildFile; fileRef = 9A78A42614A670E300E8995D /* ItemsViewController.m */; };
		9A98BD6F14B41D57006D8A03 /* ImageStore.m in Sources */ = {isa = PBXBuildFile; fileRef = 9A98BD6E14B41D57006D8A03 /* ImageStore.m */; };
/* End PBXBuildFile section */

/* Begin PBXFileReference section */
		9A07BE3314A67B1F001BB1C2 /* PossessionStore.h */ = {isa = PBXFileReference; fileEncoding = 4; lastKnownFileType = sourcecode.c.h; path = PossessionStore.h; sourceTree = "<group>"; };
		9A07BE3414A67B1F001BB1C2 /* PossessionStore.m */ = {isa = PBXFileReference; fileEncoding = 4; lastKnownFileType = sourcecode.c.objc; path = PossessionStore.m; sourceTree = "<group>"; };
		9A540DAF14A6902200E2EE64 /* Possession.h */ = {isa = PBXFileReference; fileEncoding = 4; lastKnownFileType = sourcecode.c.h; path = Possession.h; sourceTree = "<group>"; };
		9A540DB014A6902200E2EE64 /* Possession.m */ = {isa = PBXFileReference; fileEncoding = 4; lastKnownFileType = sourcecode.c.objc; path = Possession.m; sourceTree = "<group>"; };
		9A540DB214A69F3600E2EE64 /* HeaderView.xib */ = {isa = PBXFileReference; fileEncoding = 4; lastKnownFileType = file.xib; path = HeaderView.xib; sourceTree = "<group>"; };
		9A540DB414A6C91700E2EE64 /* ItemDetailViewController.h */ = {isa = PBXFileReference; fileEncoding = 4; lastKnownFileType = sourcecode.c.h; path = ItemDetailViewController.h; sourceTree = "<group>"; };
		9A540DB514A6C91700E2EE64 /* ItemDetailViewController.m */ = {isa = PBXFileReference; fileEncoding = 4; lastKnownFileType = sourcecode.c.objc; path = ItemDetailViewController.m; sourceTree = "<group>"; };
		9A540DB614A6C91700E2EE64 /* ItemDetailViewController.xib */ = {isa = PBXFileReference; fileEncoding = 4; lastKnownFileType = file.xib; path = ItemDetailViewController.xib; sourceTree = "<group>"; };
		9A78A40814A66EC800E8995D /* Homepwner.app */ = {isa = PBXFileReference; explicitFileType = wrapper.application; includeInIndex = 0; path = Homepwner.app; sourceTree = BUILT_PRODUCTS_DIR; };
		9A78A40C14A66EC800E8995D /* UIKit.framework */ = {isa = PBXFileReference; lastKnownFileType = wrapper.framework; name = UIKit.framework; path = System/Library/Frameworks/UIKit.framework; sourceTree = SDKROOT; };
		9A78A40E14A66EC800E8995D /* Foundation.framework */ = {isa = PBXFileReference; lastKnownFileType = wrapper.framework; name = Foundation.framework; path = System/Library/Frameworks/Foundation.framework; sourceTree = SDKROOT; };
		9A78A41014A66EC800E8995D /* CoreGraphics.framework */ = {isa = PBXFileReference; lastKnownFileType = wrapper.framework; name = CoreGraphics.framework; path = System/Library/Frameworks/CoreGraphics.framework; sourceTree = SDKROOT; };
		9A78A41414A66EC800E8995D /* Homepwner-Info.plist */ = {isa = PBXFileReference; lastKnownFileType = text.plist.xml; path = "Homepwner-Info.plist"; sourceTree = "<group>"; };
		9A78A41614A66EC800E8995D /* en */ = {isa = PBXFileReference; lastKnownFileType = text.plist.strings; name = en; path = en.lproj/InfoPlist.strings; sourceTree = "<group>"; };
		9A78A41814A66EC800E8995D /* main.m */ = {isa = PBXFileReference; lastKnownFileType = sourcecode.c.objc; path = main.m; sourceTree = "<group>"; };
		9A78A41A14A66EC800E8995D /* Homepwner-Prefix.pch */ = {isa = PBXFileReference; lastKnownFileType = sourcecode.c.h; path = "Homepwner-Prefix.pch"; sourceTree = "<group>"; };
		9A78A41B14A66EC800E8995D /* HomepwnerAppDelegate.h */ = {isa = PBXFileReference; lastKnownFileType = sourcecode.c.h; path = HomepwnerAppDelegate.h; sourceTree = "<group>"; };
		9A78A41C14A66EC800E8995D /* HomepwnerAppDelegate.m */ = {isa = PBXFileReference; lastKnownFileType = sourcecode.c.objc; path = HomepwnerAppDelegate.m; sourceTree = "<group>"; };
		9A78A41E14A66EC800E8995D /* MainWindow.xib */ = {isa = PBXFileReference; lastKnownFileType = file.xib; path = MainWindow.xib; sourceTree = "<group>"; };
		9A78A42514A670E300E8995D /* ItemsViewController.h */ = {isa = PBXFileReference; fileEncoding = 4; lastKnownFileType = sourcecode.c.h; path = ItemsViewController.h; sourceTree = "<group>"; };
		9A78A42614A670E300E8995D /* ItemsViewController.m */ = {isa = PBXFileReference; fileEncoding = 4; lastKnownFileType = sourcecode.c.objc; path = ItemsViewController.m; sourceTree = "<group>"; };
		9A98BD6D14B41D57006D8A03 /* ImageStore.h */ = {isa = PBXFileReference; fileEncoding = 4; lastKnownFileType = sourcecode.c.h; path = ImageStore.h; sourceTree = "<group>"; };
		9A98BD6E14B41D57006D8A03 /* ImageStore.m */ = {isa = PBXFileReference; fileEncoding = 4; lastKnownFileType = sourcecode.c.objc; path = ImageStore.m; sourceTree = "<group>"; };
/* End PBXFileReference section */

/* Begin PBXFrameworksBuildPhase section */
		9A78A40514A66EC800E8995D /* Frameworks */ = {
			isa = PBXFrameworksBuildPhase;
			buildActionMask = 2147483647;
			files = (
				9A78A40D14A66EC800E8995D /* UIKit.framework in Frameworks */,
				9A78A40F14A66EC800E8995D /* Foundation.framework in Frameworks */,
				9A78A41114A66EC800E8995D /* CoreGraphics.framework in Frameworks */,
			);
			runOnlyForDeploymentPostprocessing = 0;
		};
/* End PBXFrameworksBuildPhase section */

/* Begin PBXGroup section */
		9A540DB914A6C93400E2EE64 /* Possession */ = {
			isa = PBXGroup;
			children = (
				9A540DAF14A6902200E2EE64 /* Possession.h */,
				9A540DB014A6902200E2EE64 /* Possession.m */,
				9A07BE3314A67B1F001BB1C2 /* PossessionStore.h */,
				9A07BE3414A67B1F001BB1C2 /* PossessionStore.m */,
			);
			name = Possession;
			sourceTree = "<group>";
		};
		9A540DBA14A6C97C00E2EE64 /* ItemDetailViewController */ = {
			isa = PBXGroup;
			children = (
				9A540DB414A6C91700E2EE64 /* ItemDetailViewController.h */,
				9A540DB514A6C91700E2EE64 /* ItemDetailViewController.m */,
				9A540DB614A6C91700E2EE64 /* ItemDetailViewController.xib */,
			);
			name = ItemDetailViewController;
			sourceTree = "<group>";
		};
		9A78A3FD14A66EC800E8995D = {
			isa = PBXGroup;
			children = (
				9A78A41214A66EC800E8995D /* Homepwner */,
				9A78A40B14A66EC800E8995D /* Frameworks */,
				9A78A40914A66EC800E8995D /* Products */,
			);
			sourceTree = "<group>";
		};
		9A78A40914A66EC800E8995D /* Products */ = {
			isa = PBXGroup;
			children = (
				9A78A40814A66EC800E8995D /* Homepwner.app */,
			);
			name = Products;
			sourceTree = "<group>";
		};
		9A78A40B14A66EC800E8995D /* Frameworks */ = {
			isa = PBXGroup;
			children = (
				9A78A40C14A66EC800E8995D /* UIKit.framework */,
				9A78A40E14A66EC800E8995D /* Foundation.framework */,
				9A78A41014A66EC800E8995D /* CoreGraphics.framework */,
			);
			name = Frameworks;
			sourceTree = "<group>";
		};
		9A78A41214A66EC800E8995D /* Homepwner */ = {
			isa = PBXGroup;
			children = (
				9A98BD7114B41D7A006D8A03 /* ImageStore */,
				9A540DB214A69F3600E2EE64 /* HeaderView.xib */,
				9A78A41B14A66EC800E8995D /* HomepwnerAppDelegate.h */,
				9A78A41C14A66EC800E8995D /* HomepwnerAppDelegate.m */,
				9A540DBA14A6C97C00E2EE64 /* ItemDetailViewController */,
				9A78A42514A670E300E8995D /* ItemsViewController.h */,
				9A78A42614A670E300E8995D /* ItemsViewController.m */,
				9A78A41E14A66EC800E8995D /* MainWindow.xib */,
				9A540DB914A6C93400E2EE64 /* Possession */,
				9A78A41314A66EC800E8995D /* Supporting Files */,
			);
			path = Homepwner;
			sourceTree = "<group>";
		};
		9A78A41314A66EC800E8995D /* Supporting Files */ = {
			isa = PBXGroup;
			children = (
				9A78A41414A66EC800E8995D /* Homepwner-Info.plist */,
				9A78A41514A66EC800E8995D /* InfoPlist.strings */,
				9A78A41814A66EC800E8995D /* main.m */,
				9A78A41A14A66EC800E8995D /* Homepwner-Prefix.pch */,
			);
			name = "Supporting Files";
			sourceTree = "<group>";
		};
		9A98BD7114B41D7A006D8A03 /* ImageStore */ = {
			isa = PBXGroup;
			children = (
				9A98BD6D14B41D57006D8A03 /* ImageStore.h */,
				9A98BD6E14B41D57006D8A03 /* ImageStore.m */,
			);
			name = ImageStore;
			sourceTree = "<group>";
		};
/* End PBXGroup section */

/* Begin PBXNativeTarget section */
		9A78A40714A66EC800E8995D /* Homepwner */ = {
			isa = PBXNativeTarget;
			buildConfigurationList = 9A78A42214A66EC800E8995D /* Build configuration list for PBXNativeTarget "Homepwner" */;
			buildPhases = (
				9A78A40414A66EC800E8995D /* Sources */,
				9A78A40514A66EC800E8995D /* Frameworks */,
				9A78A40614A66EC800E8995D /* Resources */,
			);
			buildRules = (
			);
			dependencies = (
			);
			name = Homepwner;
			productName = Homepwner;
			productReference = 9A78A40814A66EC800E8995D /* Homepwner.app */;
			productType = "com.apple.product-type.application";
		};
/* End PBXNativeTarget section */

/* Begin PBXProject section */
		9A78A3FF14A66EC800E8995D /* Project object */ = {
			isa = PBXProject;
			attributes = {
				LastUpgradeCheck = 0420;
				ORGANIZATIONNAME = "Thunderbolt Labs";
			};
			buildConfigurationList = 9A78A40214A66EC800E8995D /* Build configuration list for PBXProject "Homepwner" */;
			compatibilityVersion = "Xcode 3.2";
			developmentRegion = English;
			hasScannedForEncodings = 0;
			knownRegions = (
				en,
			);
			mainGroup = 9A78A3FD14A66EC800E8995D;
			productRefGroup = 9A78A40914A66EC800E8995D /* Products */;
			projectDirPath = "";
			projectRoot = "";
			targets = (
				9A78A40714A66EC800E8995D /* Homepwner */,
			);
		};
/* End PBXProject section */

/* Begin PBXResourcesBuildPhase section */
		9A78A40614A66EC800E8995D /* Resources */ = {
			isa = PBXResourcesBuildPhase;
			buildActionMask = 2147483647;
			files = (
				9A78A41714A66EC800E8995D /* InfoPlist.strings in Resources */,
				9A78A41F14A66EC800E8995D /* MainWindow.xib in Resources */,
				9A540DB314A69F3600E2EE64 /* HeaderView.xib in Resources */,
				9A540DB814A6C91700E2EE64 /* ItemDetailViewController.xib in Resources */,
			);
			runOnlyForDeploymentPostprocessing = 0;
		};
/* End PBXResourcesBuildPhase section */

/* Begin PBXSourcesBuildPhase section */
		9A78A40414A66EC800E8995D /* Sources */ = {
			isa = PBXSourcesBuildPhase;
			buildActionMask = 2147483647;
			files = (
				9A78A41914A66EC800E8995D /* main.m in Sources */,
				9A78A41D14A66EC800E8995D /* HomepwnerAppDelegate.m in Sources */,
				9A78A42714A670E300E8995D /* ItemsViewController.m in Sources */,
				9A07BE3514A67B1F001BB1C2 /* PossessionStore.m in Sources */,
				9A540DB114A6902200E2EE64 /* Possession.m in Sources */,
				9A540DB714A6C91700E2EE64 /* ItemDetailViewController.m in Sources */,
				9A98BD6F14B41D57006D8A03 /* ImageStore.m in Sources */,
			);
			runOnlyForDeploymentPostprocessing = 0;
		};
/* End PBXSourcesBuildPhase section */

/* Begin PBXVariantGroup section */
		9A78A41514A66EC800E8995D /* InfoPlist.strings */ = {
			isa = PBXVariantGroup;
			children = (
				9A78A41614A66EC800E8995D /* en */,
			);
			name = InfoPlist.strings;
			sourceTree = "<group>";
		};
/* End PBXVariantGroup section */

/* Begin XCBuildConfiguration section */
		9A78A42014A66EC800E8995D /* Debug */ = {
			isa = XCBuildConfiguration;
			buildSettings = {
				ALWAYS_SEARCH_USER_PATHS = NO;
				ARCHS = "$(ARCHS_STANDARD_32_BIT)";
				CLANG_ENABLE_OBJC_ARC = NO;
				"CODE_SIGN_IDENTITY[sdk=iphoneos*]" = "iPhone Developer";
				COPY_PHASE_STRIP = NO;
				GCC_C_LANGUAGE_STANDARD = gnu99;
				GCC_DYNAMIC_NO_PIC = NO;
				GCC_OPTIMIZATION_LEVEL = 0;
				GCC_PREPROCESSOR_DEFINITIONS = (
					"DEBUG=1",
					"$(inherited)",
				);
				GCC_SYMBOLS_PRIVATE_EXTERN = NO;
				GCC_VERSION = com.apple.compilers.llvm.clang.1_0;
				GCC_WARN_ABOUT_MISSING_PROTOTYPES = YES;
				GCC_WARN_ABOUT_RETURN_TYPE = YES;
				GCC_WARN_UNUSED_VARIABLE = YES;
				IPHONEOS_DEPLOYMENT_TARGET = 5.0;
				SDKROOT = iphoneos;
			};
			name = Debug;
		};
		9A78A42114A66EC800E8995D /* Release */ = {
			isa = XCBuildConfiguration;
			buildSettings = {
				ALWAYS_SEARCH_USER_PATHS = NO;
				ARCHS = "$(ARCHS_STANDARD_32_BIT)";
				CLANG_ENABLE_OBJC_ARC = NO;
				"CODE_SIGN_IDENTITY[sdk=iphoneos*]" = "iPhone Developer";
				COPY_PHASE_STRIP = YES;
				GCC_C_LANGUAGE_STANDARD = gnu99;
				GCC_VERSION = com.apple.compilers.llvm.clang.1_0;
				GCC_WARN_ABOUT_MISSING_PROTOTYPES = YES;
				GCC_WARN_ABOUT_RETURN_TYPE = YES;
				GCC_WARN_UNUSED_VARIABLE = YES;
				IPHONEOS_DEPLOYMENT_TARGET = 5.0;
				OTHER_CFLAGS = "-DNS_BLOCK_ASSERTIONS=1";
				SDKROOT = iphoneos;
				VALIDATE_PRODUCT = YES;
			};
			name = Release;
		};
		9A78A42314A66EC800E8995D /* Debug */ = {
			isa = XCBuildConfiguration;
			buildSettings = {
				CLANG_ENABLE_OBJC_ARC = YES;
				CLANG_WARN_OBJCPP_ARC_ABI = YES;
				GCC_PRECOMPILE_PREFIX_HEADER = YES;
				GCC_PREFIX_HEADER = "Homepwner/Homepwner-Prefix.pch";
				INFOPLIST_FILE = "Homepwner/Homepwner-Info.plist";
				IPHONEOS_DEPLOYMENT_TARGET = 5.0;
				PRODUCT_NAME = "$(TARGET_NAME)";
				TARGETED_DEVICE_FAMILY = "1,2";
				WRAPPER_EXTENSION = app;
			};
			name = Debug;
		};
		9A78A42414A66EC800E8995D /* Release */ = {
			isa = XCBuildConfiguration;
			buildSettings = {
				CLANG_ENABLE_OBJC_ARC = YES;
				CLANG_WARN_OBJCPP_ARC_ABI = YES;
				GCC_PRECOMPILE_PREFIX_HEADER = YES;
				GCC_PREFIX_HEADER = "Homepwner/Homepwner-Prefix.pch";
				INFOPLIST_FILE = "Homepwner/Homepwner-Info.plist";
				IPHONEOS_DEPLOYMENT_TARGET = 5.0;
				PRODUCT_NAME = "$(TARGET_NAME)";
				TARGETED_DEVICE_FAMILY = "1,2";
				WRAPPER_EXTENSION = app;
			};
			name = Release;
		};
/* End XCBuildConfiguration section */

/* Begin XCConfigurationList section */
		9A78A40214A66EC800E8995D /* Build configuration list for PBXProject "Homepwner" */ = {
			isa = XCConfigurationList;
			buildConfigurations = (
				9A78A42014A66EC800E8995D /* Debug */,
				9A78A42114A66EC800E8995D /* Release */,
			);
			defaultConfigurationIsVisible = 0;
			defaultConfigurationName = Release;
		};
		9A78A42214A66EC800E8995D /* Build configuration list for PBXNativeTarget "Homepwner" */ = {
			isa = XCConfigurationList;
			buildConfigurations = (
				9A78A42314A66EC800E8995D /* Debug */,
				9A78A42414A66EC800E8995D /* Release */,
			);
			defaultConfigurationIsVisible = 0;
			defaultConfigurationName = Release;
		};
/* End XCConfigurationList section */
	};
	rootObject = 9A78A3FF14A66EC800E8995D /* Project object */;
}
